
Microsoft Visual Studio Solution File, Format Version 12.00
# Visual Studio Version 16
VisualStudioVersion = 16.0.31729.503
MinimumVisualStudioVersion = 10.0.40219.1
Project("{FAE04EC0-301F-11D3-BF4B-00C04F79EFBC}") = "HospitalManagementSystem", "asp.net-first2\HospitalManagementSystem.csproj", "{91EA0676-B15C-40EB-A730-900F43B4C501}"
EndProject
Global
	GlobalSection(SolutionConfigurationPlatforms) = preSolution
		Debug|Any CPU = Debug|Any CPU
		Release|Any CPU = Release|Any CPU
	EndGlobalSection
	GlobalSection(ProjectConfigurationPlatforms) = postSolution
		{91EA0676-B15C-40EB-A730-900F43B4C501}.Debug|Any CPU.ActiveCfg = Debug|Any CPU
		{91EA0676-B15C-40EB-A730-900F43B4C501}.Debug|Any CPU.Build.0 = Debug|Any CPU
		{91EA0676-B15C-40EB-A730-900F43B4C501}.Release|Any CPU.ActiveCfg = Release|Any CPU
		{91EA0676-B15C-40EB-A730-900F43B4C501}.Release|Any CPU.Build.0 = Release|Any CPU
	EndGlobalSection
	GlobalSection(SolutionProperties) = preSolution
		HideSolutionNode = FALSE
	EndGlobalSection
	GlobalSection(ExtensibilityGlobals) = postSolution
		SolutionGuid = {3661F32F-C2CA-436C-89AC-1D243DB68284}
	EndGlobalSection
EndGlobal
